
Microsoft Visual Studio Solution File, Format Version 12.00
# Visual Studio 15
VisualStudioVersion = 15.0.27703.2042
MinimumVisualStudioVersion = 10.0.40219.1
Project("{2150E333-8FDC-42A3-9474-1A3956D46DE8}") = "1.PresentationLayer", "1.PresentationLayer", "{35C083E9-6D6A-4B9D-83BC-4644FDD46FF2}"
EndProject
Project("{2150E333-8FDC-42A3-9474-1A3956D46DE8}") = "2.DataLayer", "2.DataLayer", "{D5274C6E-8D7F-4028-AFF6-12BBF18B24F5}"
EndProject
Project("{2150E333-8FDC-42A3-9474-1A3956D46DE8}") = "3.ApplicationLayer", "3.ApplicationLayer", "{3E3EE2B3-BF2A-41A0-9107-4D8858AB51FE}"
EndProject
Project("{FAE04EC0-301F-11D3-BF4B-00C04F79EFBC}") = "Repository_Mvc_DataLayer", "Repository_Mvc_DataLayer\Repository_Mvc_DataLayer.csproj", "{84141991-858E-4CF4-A5BE-F3259F2DF4BA}"
EndProject
Project("{FAE04EC0-301F-11D3-BF4B-00C04F79EFBC}") = "Repository_Mvc_ApplicationLayer", "Repository_Mvc_ApplicationLayer\Repository_Mvc_ApplicationLayer.csproj", "{D50A0968-AEB1-4C47-8DC1-35ED447AE360}"
EndProject
Project("{2150E333-8FDC-42A3-9474-1A3956D46DE8}") = "web", "web", "{37356B20-1EA7-4F24-A783-2579BA488E8C}"
EndProject
Project("{FAE04EC0-301F-11D3-BF4B-00C04F79EFBC}") = "Repository_Mvc_Web", "Repository_Mvc_Web\Repository_Mvc_Web.csproj", "{D31E0A9B-1343-41E3-A211-D18C615288ED}"
EndProject
Project("{2150E333-8FDC-42A3-9474-1A3956D46DE8}") = "4.ApoioLayer", "4.ApoioLayer", "{D69513E5-CB41-4C3B-9C6D-7EA7ECF63096}"
EndProject
Project("{2150E333-8FDC-42A3-9474-1A3956D46DE8}") = "img", "img", "{57B88886-3B04-4C85-8484-95AEAD78C9F9}"
EndProject
Global
	GlobalSection(SolutionConfigurationPlatforms) = preSolution
		Debug|Any CPU = Debug|Any CPU
		Release|Any CPU = Release|Any CPU
	EndGlobalSection
	GlobalSection(ProjectConfigurationPlatforms) = postSolution
		{84141991-858E-4CF4-A5BE-F3259F2DF4BA}.Debug|Any CPU.ActiveCfg = Debug|Any CPU
		{84141991-858E-4CF4-A5BE-F3259F2DF4BA}.Debug|Any CPU.Build.0 = Debug|Any CPU
		{84141991-858E-4CF4-A5BE-F3259F2DF4BA}.Release|Any CPU.ActiveCfg = Release|Any CPU
		{84141991-858E-4CF4-A5BE-F3259F2DF4BA}.Release|Any CPU.Build.0 = Release|Any CPU
		{D50A0968-AEB1-4C47-8DC1-35ED447AE360}.Debug|Any CPU.ActiveCfg = Debug|Any CPU
		{D50A0968-AEB1-4C47-8DC1-35ED447AE360}.Debug|Any CPU.Build.0 = Debug|Any CPU
		{D50A0968-AEB1-4C47-8DC1-35ED447AE360}.Release|Any CPU.ActiveCfg = Release|Any CPU
		{D50A0968-AEB1-4C47-8DC1-35ED447AE360}.Release|Any CPU.Build.0 = Release|Any CPU
		{D31E0A9B-1343-41E3-A211-D18C615288ED}.Debug|Any CPU.ActiveCfg = Debug|Any CPU
		{D31E0A9B-1343-41E3-A211-D18C615288ED}.Debug|Any CPU.Build.0 = Debug|Any CPU
		{D31E0A9B-1343-41E3-A211-D18C615288ED}.Release|Any CPU.ActiveCfg = Release|Any CPU
		{D31E0A9B-1343-41E3-A211-D18C615288ED}.Release|Any CPU.Build.0 = Release|Any CPU
	EndGlobalSection
	GlobalSection(SolutionProperties) = preSolution
		HideSolutionNode = FALSE
	EndGlobalSection
	GlobalSection(NestedProjects) = preSolution
		{84141991-858E-4CF4-A5BE-F3259F2DF4BA} = {D5274C6E-8D7F-4028-AFF6-12BBF18B24F5}
		{D50A0968-AEB1-4C47-8DC1-35ED447AE360} = {3E3EE2B3-BF2A-41A0-9107-4D8858AB51FE}
		{37356B20-1EA7-4F24-A783-2579BA488E8C} = {35C083E9-6D6A-4B9D-83BC-4644FDD46FF2}
		{D31E0A9B-1343-41E3-A211-D18C615288ED} = {37356B20-1EA7-4F24-A783-2579BA488E8C}
		{57B88886-3B04-4C85-8484-95AEAD78C9F9} = {D69513E5-CB41-4C3B-9C6D-7EA7ECF63096}
	EndGlobalSection
	GlobalSection(ExtensibilityGlobals) = postSolution
		SolutionGuid = {B567A0FC-C22B-4B97-8518-10DD86FC2632}
	EndGlobalSection
EndGlobal
